
Microsoft Visual Studio Solution File, Format Version 12.00
# Visual Studio Version 16
VisualStudioVersion = 16.0.31702.278
MinimumVisualStudioVersion = 10.0.40219.1
Project("{FAE04EC0-301F-11D3-BF4B-00C04F79EFBC}") = "Aufgabe8_LINQ", "Aufgabe8_LINQ\Aufgabe8_LINQ.csproj", "{23FFDA6A-4997-4053-8D18-254E6382FC8A}"
EndProject
Global
	GlobalSection(SolutionConfigurationPlatforms) = preSolution
		Debug|Any CPU = Debug|Any CPU
		Release|Any CPU = Release|Any CPU
	EndGlobalSection
	GlobalSection(ProjectConfigurationPlatforms) = postSolution
		{23FFDA6A-4997-4053-8D18-254E6382FC8A}.Debug|Any CPU.ActiveCfg = Debug|Any CPU
		{23FFDA6A-4997-4053-8D18-254E6382FC8A}.Debug|Any CPU.Build.0 = Debug|Any CPU
		{23FFDA6A-4997-4053-8D18-254E6382FC8A}.Release|Any CPU.ActiveCfg = Release|Any CPU
		{23FFDA6A-4997-4053-8D18-254E6382FC8A}.Release|Any CPU.Build.0 = Release|Any CPU
	EndGlobalSection
	GlobalSection(SolutionProperties) = preSolution
		HideSolutionNode = FALSE
	EndGlobalSection
	GlobalSection(ExtensibilityGlobals) = postSolution
		SolutionGuid = {03E9970A-80AF-4FBC-BB27-88B4CAC4662C}
	EndGlobalSection
EndGlobal
