
Microsoft Visual Studio Solution File, Format Version 12.00
# Visual Studio Version 16
VisualStudioVersion = 16.0.31702.278
MinimumVisualStudioVersion = 10.0.40219.1
Project("{FAE04EC0-301F-11D3-BF4B-00C04F79EFBC}") = "Aufgabe9_LINQ_Select", "Aufgabe9_LINQ_Select\Aufgabe9_LINQ_Select.csproj", "{2A64B610-2F33-4D8A-A60D-5F667EDABAC5}"
EndProject
Global
	GlobalSection(SolutionConfigurationPlatforms) = preSolution
		Debug|Any CPU = Debug|Any CPU
		Release|Any CPU = Release|Any CPU
	EndGlobalSection
	GlobalSection(ProjectConfigurationPlatforms) = postSolution
		{2A64B610-2F33-4D8A-A60D-5F667EDABAC5}.Debug|Any CPU.ActiveCfg = Debug|Any CPU
		{2A64B610-2F33-4D8A-A60D-5F667EDABAC5}.Debug|Any CPU.Build.0 = Debug|Any CPU
		{2A64B610-2F33-4D8A-A60D-5F667EDABAC5}.Release|Any CPU.ActiveCfg = Release|Any CPU
		{2A64B610-2F33-4D8A-A60D-5F667EDABAC5}.Release|Any CPU.Build.0 = Release|Any CPU
	EndGlobalSection
	GlobalSection(SolutionProperties) = preSolution
		HideSolutionNode = FALSE
	EndGlobalSection
	GlobalSection(ExtensibilityGlobals) = postSolution
		SolutionGuid = {67448C42-0910-4814-8D7C-A4C8DA05A627}
	EndGlobalSection
EndGlobal
