
Microsoft Visual Studio Solution File, Format Version 12.00
# Visual Studio Version 16
VisualStudioVersion = 16.0.31702.278
MinimumVisualStudioVersion = 10.0.40219.1
Project("{FAE04EC0-301F-11D3-BF4B-00C04F79EFBC}") = "Aufgabe5_Vererbung", "Aufgabe5_Vererbung\Aufgabe5_Vererbung.csproj", "{7C3F2B59-5BAE-4936-89B3-F654B8A1613A}"
EndProject
Global
	GlobalSection(SolutionConfigurationPlatforms) = preSolution
		Debug|Any CPU = Debug|Any CPU
		Release|Any CPU = Release|Any CPU
	EndGlobalSection
	GlobalSection(ProjectConfigurationPlatforms) = postSolution
		{7C3F2B59-5BAE-4936-89B3-F654B8A1613A}.Debug|Any CPU.ActiveCfg = Debug|Any CPU
		{7C3F2B59-5BAE-4936-89B3-F654B8A1613A}.Debug|Any CPU.Build.0 = Debug|Any CPU
		{7C3F2B59-5BAE-4936-89B3-F654B8A1613A}.Release|Any CPU.ActiveCfg = Release|Any CPU
		{7C3F2B59-5BAE-4936-89B3-F654B8A1613A}.Release|Any CPU.Build.0 = Release|Any CPU
	EndGlobalSection
	GlobalSection(SolutionProperties) = preSolution
		HideSolutionNode = FALSE
	EndGlobalSection
	GlobalSection(ExtensibilityGlobals) = postSolution
		SolutionGuid = {5EC8C3CE-532E-40F5-BB3F-7465E77DCF68}
	EndGlobalSection
EndGlobal
