
Microsoft Visual Studio Solution File, Format Version 12.00
# Visual Studio Version 16
VisualStudioVersion = 16.0.31702.278
MinimumVisualStudioVersion = 10.0.40219.1
Project("{FAE04EC0-301F-11D3-BF4B-00C04F79EFBC}") = "Aufgabe1_Einstieg", "Aufgabe1_Einstieg\Aufgabe1_Einstieg.csproj", "{24A6834F-C153-4231-9D16-3A8874CAFB0E}"
EndProject
Global
	GlobalSection(SolutionConfigurationPlatforms) = preSolution
		Debug|Any CPU = Debug|Any CPU
		Release|Any CPU = Release|Any CPU
	EndGlobalSection
	GlobalSection(ProjectConfigurationPlatforms) = postSolution
		{24A6834F-C153-4231-9D16-3A8874CAFB0E}.Debug|Any CPU.ActiveCfg = Debug|Any CPU
		{24A6834F-C153-4231-9D16-3A8874CAFB0E}.Debug|Any CPU.Build.0 = Debug|Any CPU
		{24A6834F-C153-4231-9D16-3A8874CAFB0E}.Release|Any CPU.ActiveCfg = Release|Any CPU
		{24A6834F-C153-4231-9D16-3A8874CAFB0E}.Release|Any CPU.Build.0 = Release|Any CPU
	EndGlobalSection
	GlobalSection(SolutionProperties) = preSolution
		HideSolutionNode = FALSE
	EndGlobalSection
	GlobalSection(ExtensibilityGlobals) = postSolution
		SolutionGuid = {3BE80A52-E89E-462D-8B63-0A4315C73FC8}
	EndGlobalSection
EndGlobal
