
Microsoft Visual Studio Solution File, Format Version 12.00
# Visual Studio Version 16
VisualStudioVersion = 16.0.31702.278
MinimumVisualStudioVersion = 10.0.40219.1
Project("{FAE04EC0-301F-11D3-BF4B-00C04F79EFBC}") = "Aufgabe_RGB", "Aufgabe_RGB\Aufgabe_RGB.csproj", "{1B067BA3-B9FE-4424-AD38-583E939AC31B}"
EndProject
Global
	GlobalSection(SolutionConfigurationPlatforms) = preSolution
		Debug|Any CPU = Debug|Any CPU
		Release|Any CPU = Release|Any CPU
	EndGlobalSection
	GlobalSection(ProjectConfigurationPlatforms) = postSolution
		{1B067BA3-B9FE-4424-AD38-583E939AC31B}.Debug|Any CPU.ActiveCfg = Debug|Any CPU
		{1B067BA3-B9FE-4424-AD38-583E939AC31B}.Debug|Any CPU.Build.0 = Debug|Any CPU
		{1B067BA3-B9FE-4424-AD38-583E939AC31B}.Release|Any CPU.ActiveCfg = Release|Any CPU
		{1B067BA3-B9FE-4424-AD38-583E939AC31B}.Release|Any CPU.Build.0 = Release|Any CPU
	EndGlobalSection
	GlobalSection(SolutionProperties) = preSolution
		HideSolutionNode = FALSE
	EndGlobalSection
	GlobalSection(ExtensibilityGlobals) = postSolution
		SolutionGuid = {BE520E64-25C0-43AE-BA62-B951B8FE8779}
	EndGlobalSection
EndGlobal
